
Microsoft Visual Studio Solution File, Format Version 12.00
Project("{FAE04EC0-301F-11D3-BF4B-00C04F79EFBC}") = "NowThenNext.Web", "src\NowThenNext.Web\NowThenNext.Web.csproj", "{D3666906-3B6A-44BE-B81A-1DC1C6158058}"
EndProject
Project("{2150E333-8FDC-42A3-9474-1A3956D46DE8}") = "SolutionItems", "SolutionItems", "{412CC1EB-E00F-41C2-8AE8-554DEC58C519}"
	ProjectSection(SolutionItems) = preProject
		.github\workflows\deploy-to-github-pages.yml = .github\workflows\deploy-to-github-pages.yml
	EndProjectSection
EndProject
Project("{2150E333-8FDC-42A3-9474-1A3956D46DE8}") = ".github", ".github", "{EDE78756-4C8F-4705-87A2-5A44F9699879}"
EndProject
Project("{2150E333-8FDC-42A3-9474-1A3956D46DE8}") = "workflows", "workflows", "{D9A614AD-A134-46C4-AF90-8039020B00B2}"
EndProject
Global
	GlobalSection(SolutionConfigurationPlatforms) = preSolution
		Debug|Any CPU = Debug|Any CPU
		Release|Any CPU = Release|Any CPU
	EndGlobalSection
	GlobalSection(ProjectConfigurationPlatforms) = postSolution
		{D3666906-3B6A-44BE-B81A-1DC1C6158058}.Debug|Any CPU.ActiveCfg = Debug|Any CPU
		{D3666906-3B6A-44BE-B81A-1DC1C6158058}.Debug|Any CPU.Build.0 = Debug|Any CPU
		{D3666906-3B6A-44BE-B81A-1DC1C6158058}.Release|Any CPU.ActiveCfg = Release|Any CPU
		{D3666906-3B6A-44BE-B81A-1DC1C6158058}.Release|Any CPU.Build.0 = Release|Any CPU
	EndGlobalSection
	GlobalSection(NestedProjects) = preSolution
		{EDE78756-4C8F-4705-87A2-5A44F9699879} = {412CC1EB-E00F-41C2-8AE8-554DEC58C519}
		{D9A614AD-A134-46C4-AF90-8039020B00B2} = {EDE78756-4C8F-4705-87A2-5A44F9699879}
	EndGlobalSection
EndGlobal
